
Microsoft Visual Studio Solution File, Format Version 12.00
# Visual Studio Version 17
VisualStudioVersion = 17.8.34511.84
MinimumVisualStudioVersion = 10.0.40219.1
Project("{FAE04EC0-301F-11D3-BF4B-00C04F79EFBC}") = "MvcCoreCryptography", "MvcCoreCryptography\MvcCoreCryptography.csproj", "{1885BD64-3F37-4DED-B123-39560F2FE9F6}"
EndProject
Global
	GlobalSection(SolutionConfigurationPlatforms) = preSolution
		Debug|Any CPU = Debug|Any CPU
		Release|Any CPU = Release|Any CPU
	EndGlobalSection
	GlobalSection(ProjectConfigurationPlatforms) = postSolution
		{1885BD64-3F37-4DED-B123-39560F2FE9F6}.Debug|Any CPU.ActiveCfg = Debug|Any CPU
		{1885BD64-3F37-4DED-B123-39560F2FE9F6}.Debug|Any CPU.Build.0 = Debug|Any CPU
		{1885BD64-3F37-4DED-B123-39560F2FE9F6}.Release|Any CPU.ActiveCfg = Release|Any CPU
		{1885BD64-3F37-4DED-B123-39560F2FE9F6}.Release|Any CPU.Build.0 = Release|Any CPU
	EndGlobalSection
	GlobalSection(SolutionProperties) = preSolution
		HideSolutionNode = FALSE
	EndGlobalSection
	GlobalSection(ExtensibilityGlobals) = postSolution
		SolutionGuid = {E168C981-F872-4854-9914-B0D41D4E3B40}
	EndGlobalSection
EndGlobal
